// !$*UTF8*$!
{
	archiveVersion = 1;
	classes = {
	};
	objectVersion = 56;
	objects = {

/* Begin PBXBuildFile section */
		C3AA0B292C3AF0070019FAD3 /* AppDelegate.swift in Sources */ = {isa = PBXBuildFile; fileRef = C3AA0B282C3AF0070019FAD3 /* AppDelegate.swift */; };
		C3AA0B2B2C3AF0070019FAD3 /* SceneDelegate.swift in Sources */ = {isa = PBXBuildFile; fileRef = C3AA0B2A2C3AF0070019FAD3 /* SceneDelegate.swift */; };
		C3AA0B2D2C3AF0070019FAD3 /* ViewController.swift in Sources */ = {isa = PBXBuildFile; fileRef = C3AA0B2C2C3AF0070019FAD3 /* ViewController.swift */; };
		C3AA0B302C3AF0070019FAD3 /* Base in Resources */ = {isa = PBXBuildFile; fileRef = C3AA0B2F2C3AF0070019FAD3 /* Base */; };
		C3AA0B322C3AF00A0019FAD3 /* Assets.xcassets in Resources */ = {isa = PBXBuildFile; fileRef = C3AA0B312C3AF00A0019FAD3 /* Assets.xcassets */; };
		C3AA0B352C3AF00A0019FAD3 /* Base in Resources */ = {isa = PBXBuildFile; fileRef = C3AA0B342C3AF00A0019FAD3 /* Base */; };
		C3AA0B3D2C3AF0DC0019FAD3 /* Inceptionv3.mlmodel in Sources */ = {isa = PBXBuildFile; fileRef = C3AA0B3C2C3AF0DC0019FAD3 /* Inceptionv3.mlmodel */; };
/* End PBXBuildFile section */

/* Begin PBXFileReference section */
		C3AA0B252C3AF0070019FAD3 /* 25-SeeFoodCoreML.app */ = {isa = PBXFileReference; explicitFileType = wrapper.application; includeInIndex = 0; path = "25-SeeFoodCoreML.app"; sourceTree = BUILT_PRODUCTS_DIR; };
		C3AA0B282C3AF0070019FAD3 /* AppDelegate.swift */ = {isa = PBXFileReference; lastKnownFileType = sourcecode.swift; path = AppDelegate.swift; sourceTree = "<group>"; };
		C3AA0B2A2C3AF0070019FAD3 /* SceneDelegate.swift */ = {isa = PBXFileReference; lastKnownFileType = sourcecode.swift; path = SceneDelegate.swift; sourceTree = "<group>"; };
		C3AA0B2C2C3AF0070019FAD3 /* ViewController.swift */ = {isa = PBXFileReference; lastKnownFileType = sourcecode.swift; path = ViewController.swift; sourceTree = "<group>"; };
		C3AA0B2F2C3AF0070019FAD3 /* Base */ = {isa = PBXFileReference; lastKnownFileType = file.storyboard; name = Base; path = Base.lproj/Main.storyboard; sourceTree = "<group>"; };
		C3AA0B312C3AF00A0019FAD3 /* Assets.xcassets */ = {isa = PBXFileReference; lastKnownFileType = folder.assetcatalog; path = Assets.xcassets; sourceTree = "<group>"; };
		C3AA0B342C3AF00A0019FAD3 /* Base */ = {isa = PBXFileReference; lastKnownFileType = file.storyboard; name = Base; path = Base.lproj/LaunchScreen.storyboard; sourceTree = "<group>"; };
		C3AA0B362C3AF00A0019FAD3 /* Info.plist */ = {isa = PBXFileReference; lastKnownFileType = text.plist.xml; path = Info.plist; sourceTree = "<group>"; };
		C3AA0B3C2C3AF0DC0019FAD3 /* Inceptionv3.mlmodel */ = {isa = PBXFileReference; lastKnownFileType = file.mlmodel; path = Inceptionv3.mlmodel; sourceTree = "<group>"; };
/* End PBXFileReference section */

/* Begin PBXFrameworksBuildPhase section */
		C3AA0B222C3AF0070019FAD3 /* Frameworks */ = {
			isa = PBXFrameworksBuildPhase;
			buildActionMask = 2147483647;
			files = (
			);
			runOnlyForDeploymentPostprocessing = 0;
		};
/* End PBXFrameworksBuildPhase section */

/* Begin PBXGroup section */
		C3AA0B1C2C3AF0070019FAD3 = {
			isa = PBXGroup;
			children = (
				C3AA0B272C3AF0070019FAD3 /* 25-SeeFoodCoreML */,
				C3AA0B262C3AF0070019FAD3 /* Products */,
			);
			sourceTree = "<group>";
		};
		C3AA0B262C3AF0070019FAD3 /* Products */ = {
			isa = PBXGroup;
			children = (
				C3AA0B252C3AF0070019FAD3 /* 25-SeeFoodCoreML.app */,
			);
			name = Products;
			sourceTree = "<group>";
		};
		C3AA0B272C3AF0070019FAD3 /* 25-SeeFoodCoreML */ = {
			isa = PBXGroup;
			children = (
				C3AA0B282C3AF0070019FAD3 /* AppDelegate.swift */,
				C3AA0B2A2C3AF0070019FAD3 /* SceneDelegate.swift */,
				C3AA0B2C2C3AF0070019FAD3 /* ViewController.swift */,
				C3AA0B2E2C3AF0070019FAD3 /* Main.storyboard */,
				C3AA0B312C3AF00A0019FAD3 /* Assets.xcassets */,
				C3AA0B332C3AF00A0019FAD3 /* LaunchScreen.storyboard */,
				C3AA0B362C3AF00A0019FAD3 /* Info.plist */,
				C3AA0B3C2C3AF0DC0019FAD3 /* Inceptionv3.mlmodel */,
			);
			path = "25-SeeFoodCoreML";
			sourceTree = "<group>";
		};
/* End PBXGroup section */

/* Begin PBXNativeTarget section */
		C3AA0B242C3AF0070019FAD3 /* 25-SeeFoodCoreML */ = {
			isa = PBXNativeTarget;
			buildConfigurationList = C3AA0B392C3AF00A0019FAD3 /* Build configuration list for PBXNativeTarget "25-SeeFoodCoreML" */;
			buildPhases = (
				C3AA0B212C3AF0070019FAD3 /* Sources */,
				C3AA0B222C3AF0070019FAD3 /* Frameworks */,
				C3AA0B232C3AF0070019FAD3 /* Resources */,
			);
			buildRules = (
			);
			dependencies = (
			);
			name = "25-SeeFoodCoreML";
			productName = "25-SeeFoodCoreML";
			productReference = C3AA0B252C3AF0070019FAD3 /* 25-SeeFoodCoreML.app */;
			productType = "com.apple.product-type.application";
		};
/* End PBXNativeTarget section */

/* Begin PBXProject section */
		C3AA0B1D2C3AF0070019FAD3 /* Project object */ = {
			isa = PBXProject;
			attributes = {
				BuildIndependentTargetsInParallel = 1;
				LastSwiftUpdateCheck = 1540;
				LastUpgradeCheck = 1540;
				TargetAttributes = {
					C3AA0B242C3AF0070019FAD3 = {
						CreatedOnToolsVersion = 15.4;
					};
				};
			};
			buildConfigurationList = C3AA0B202C3AF0070019FAD3 /* Build configuration list for PBXProject "25-SeeFoodCoreML" */;
			compatibilityVersion = "Xcode 14.0";
			developmentRegion = en;
			hasScannedForEncodings = 0;
			knownRegions = (
				en,
				Base,
			);
			mainGroup = C3AA0B1C2C3AF0070019FAD3;
			productRefGroup = C3AA0B262C3AF0070019FAD3 /* Products */;
			projectDirPath = "";
			projectRoot = "";
			targets = (
				C3AA0B242C3AF0070019FAD3 /* 25-SeeFoodCoreML */,
			);
		};
/* End PBXProject section */

/* Begin PBXResourcesBuildPhase section */
		C3AA0B232C3AF0070019FAD3 /* Resources */ = {
			isa = PBXResourcesBuildPhase;
			buildActionMask = 2147483647;
			files = (
				C3AA0B322C3AF00A0019FAD3 /* Assets.xcassets in Resources */,
				C3AA0B352C3AF00A0019FAD3 /* Base in Resources */,
				C3AA0B302C3AF0070019FAD3 /* Base in Resources */,
			);
			runOnlyForDeploymentPostprocessing = 0;
		};
/* End PBXResourcesBuildPhase section */

/* Begin PBXSourcesBuildPhase section */
		C3AA0B212C3AF0070019FAD3 /* Sources */ = {
			isa = PBXSourcesBuildPhase;
			buildActionMask = 2147483647;
			files = (
				C3AA0B2D2C3AF0070019FAD3 /* ViewController.swift in Sources */,
				C3AA0B3D2C3AF0DC0019FAD3 /* Inceptionv3.mlmodel in Sources */,
				C3AA0B292C3AF0070019FAD3 /* AppDelegate.swift in Sources */,
				C3AA0B2B2C3AF0070019FAD3 /* SceneDelegate.swift in Sources */,
			);
			runOnlyForDeploymentPostprocessing = 0;
		};
/* End PBXSourcesBuildPhase section */

/* Begin PBXVariantGroup section */
		C3AA0B2E2C3AF0070019FAD3 /* Main.storyboard */ = {
			isa = PBXVariantGroup;
			children = (
				C3AA0B2F2C3AF0070019FAD3 /* Base */,
			);
			name = Main.storyboard;
			sourceTree = "<group>";
		};
		C3AA0B332C3AF00A0019FAD3 /* LaunchScreen.storyboard */ = {
			isa = PBXVariantGroup;
			children = (
				C3AA0B342C3AF00A0019FAD3 /* Base */,
			);
			name = LaunchScreen.storyboard;
			sourceTree = "<group>";
		};
/* End PBXVariantGroup section */

/* Begin XCBuildConfiguration section */
		C3AA0B372C3AF00A0019FAD3 /* Debug */ = {
			isa = XCBuildConfiguration;
			buildSettings = {
				ALWAYS_SEARCH_USER_PATHS = NO;
				ASSETCATALOG_COMPILER_GENERATE_SWIFT_ASSET_SYMBOL_EXTENSIONS = YES;
				CLANG_ANALYZER_NONNULL = YES;
				CLANG_ANALYZER_NUMBER_OBJECT_CONVERSION = YES_AGGRESSIVE;
				CLANG_CXX_LANGUAGE_STANDARD = "gnu++20";
				CLANG_ENABLE_MODULES = YES;
				CLANG_ENABLE_OBJC_ARC = YES;
				CLANG_ENABLE_OBJC_WEAK = YES;
				CLANG_WARN_BLOCK_CAPTURE_AUTORELEASING = YES;
				CLANG_WARN_BOOL_CONVERSION = YES;
				CLANG_WARN_COMMA = YES;
				CLANG_WARN_CONSTANT_CONVERSION = YES;
				CLANG_WARN_DEPRECATED_OBJC_IMPLEMENTATIONS = YES;
				CLANG_WARN_DIRECT_OBJC_ISA_USAGE = YES_ERROR;
				CLANG_WARN_DOCUMENTATION_COMMENTS = YES;
				CLANG_WARN_EMPTY_BODY = YES;
				CLANG_WARN_ENUM_CONVERSION = YES;
				CLANG_WARN_INFINITE_RECURSION = YES;
				CLANG_WARN_INT_CONVERSION = YES;
				CLANG_WARN_NON_LITERAL_NULL_CONVERSION = YES;
				CLANG_WARN_OBJC_IMPLICIT_RETAIN_SELF = YES;
				CLANG_WARN_OBJC_LITERAL_CONVERSION = YES;
				CLANG_WARN_OBJC_ROOT_CLASS = YES_ERROR;
				CLANG_WARN_QUOTED_INCLUDE_IN_FRAMEWORK_HEADER = YES;
				CLANG_WARN_RANGE_LOOP_ANALYSIS = YES;
				CLANG_WARN_STRICT_PROTOTYPES = YES;
				CLANG_WARN_SUSPICIOUS_MOVE = YES;
				CLANG_WARN_UNGUARDED_AVAILABILITY = YES_AGGRESSIVE;
				CLANG_WARN_UNREACHABLE_CODE = YES;
				CLANG_WARN__DUPLICATE_METHOD_MATCH = YES;
				COPY_PHASE_STRIP = NO;
				DEBUG_INFORMATION_FORMAT = dwarf;
				ENABLE_STRICT_OBJC_MSGSEND = YES;
				ENABLE_TESTABILITY = YES;
				ENABLE_USER_SCRIPT_SANDBOXING = YES;
				GCC_C_LANGUAGE_STANDARD = gnu17;
				GCC_DYNAMIC_NO_PIC = NO;
				GCC_NO_COMMON_BLOCKS = YES;
				GCC_OPTIMIZATION_LEVEL = 0;
				GCC_PREPROCESSOR_DEFINITIONS = (
					"DEBUG=1",
					"$(inherited)",
				);
				GCC_WARN_64_TO_32_BIT_CONVERSION = YES;
				GCC_WARN_ABOUT_RETURN_TYPE = YES_ERROR;
				GCC_WARN_UNDECLARED_SELECTOR = YES;
				GCC_WARN_UNINITIALIZED_AUTOS = YES_AGGRESSIVE;
				GCC_WARN_UNUSED_FUNCTION = YES;
				GCC_WARN_UNUSED_VARIABLE = YES;
				IPHONEOS_DEPLOYMENT_TARGET = 17.5;
				LOCALIZATION_PREFERS_STRING_CATALOGS = YES;
				MTL_ENABLE_DEBUG_INFO = INCLUDE_SOURCE;
				MTL_FAST_MATH = YES;
				ONLY_ACTIVE_ARCH = YES;
				SDKROOT = iphoneos;
				SWIFT_ACTIVE_COMPILATION_CONDITIONS = "DEBUG $(inherited)";
				SWIFT_OPTIMIZATION_LEVEL = "-Onone";
			};
			name = Debug;
		};
		C3AA0B382C3AF00A0019FAD3 /* Release */ = {
			isa = XCBuildConfiguration;
			buildSettings = {
				ALWAYS_SEARCH_USER_PATHS = NO;
				ASSETCATALOG_COMPILER_GENERATE_SWIFT_ASSET_SYMBOL_EXTENSIONS = YES;
				CLANG_ANALYZER_NONNULL = YES;
				CLANG_ANALYZER_NUMBER_OBJECT_CONVERSION = YES_AGGRESSIVE;
				CLANG_CXX_LANGUAGE_STANDARD = "gnu++20";
				CLANG_ENABLE_MODULES = YES;
				CLANG_ENABLE_OBJC_ARC = YES;
				CLANG_ENABLE_OBJC_WEAK = YES;
				CLANG_WARN_BLOCK_CAPTURE_AUTORELEASING = YES;
				CLANG_WARN_BOOL_CONVERSION = YES;
				CLANG_WARN_COMMA = YES;
				CLANG_WARN_CONSTANT_CONVERSION = YES;
				CLANG_WARN_DEPRECATED_OBJC_IMPLEMENTATIONS = YES;
				CLANG_WARN_DIRECT_OBJC_ISA_USAGE = YES_ERROR;
				CLANG_WARN_DOCUMENTATION_COMMENTS = YES;
				CLANG_WARN_EMPTY_BODY = YES;
				CLANG_WARN_ENUM_CONVERSION = YES;
				CLANG_WARN_INFINITE_RECURSION = YES;
				CLANG_WARN_INT_CONVERSION = YES;
				CLANG_WARN_NON_LITERAL_NULL_CONVERSION = YES;
				CLANG_WARN_OBJC_IMPLICIT_RETAIN_SELF = YES;
				CLANG_WARN_OBJC_LITERAL_CONVERSION = YES;
				CLANG_WARN_OBJC_ROOT_CLASS = YES_ERROR;
				CLANG_WARN_QUOTED_INCLUDE_IN_FRAMEWORK_HEADER = YES;
				CLANG_WARN_RANGE_LOOP_ANALYSIS = YES;
				CLANG_WARN_STRICT_PROTOTYPES = YES;
				CLANG_WARN_SUSPICIOUS_MOVE = YES;
				CLANG_WARN_UNGUARDED_AVAILABILITY = YES_AGGRESSIVE;
				CLANG_WARN_UNREACHABLE_CODE = YES;
				CLANG_WARN__DUPLICATE_METHOD_MATCH = YES;
				COPY_PHASE_STRIP = NO;
				DEBUG_INFORMATION_FORMAT = "dwarf-with-dsym";
				ENABLE_NS_ASSERTIONS = NO;
				ENABLE_STRICT_OBJC_MSGSEND = YES;
				ENABLE_USER_SCRIPT_SANDBOXING = YES;
				GCC_C_LANGUAGE_STANDARD = gnu17;
				GCC_NO_COMMON_BLOCKS = YES;
				GCC_WARN_64_TO_32_BIT_CONVERSION = YES;
				GCC_WARN_ABOUT_RETURN_TYPE = YES_ERROR;
				GCC_WARN_UNDECLARED_SELECTOR = YES;
				GCC_WARN_UNINITIALIZED_AUTOS = YES_AGGRESSIVE;
				GCC_WARN_UNUSED_FUNCTION = YES;
				GCC_WARN_UNUSED_VARIABLE = YES;
				IPHONEOS_DEPLOYMENT_TARGET = 17.5;
				LOCALIZATION_PREFERS_STRING_CATALOGS = YES;
				MTL_ENABLE_DEBUG_INFO = NO;
				MTL_FAST_MATH = YES;
				SDKROOT = iphoneos;
				SWIFT_COMPILATION_MODE = wholemodule;
				VALIDATE_PRODUCT = YES;
			};
			name = Release;
		};
		C3AA0B3A2C3AF00A0019FAD3 /* Debug */ = {
			isa = XCBuildConfiguration;
			buildSettings = {
				ASSETCATALOG_COMPILER_APPICON_NAME = AppIcon;
				ASSETCATALOG_COMPILER_GLOBAL_ACCENT_COLOR_NAME = AccentColor;
				CODE_SIGN_STYLE = Automatic;
				CURRENT_PROJECT_VERSION = 1;
				DEVELOPMENT_TEAM = 88SW66SMBD;
				GENERATE_INFOPLIST_FILE = YES;
				INFOPLIST_FILE = "25-SeeFoodCoreML/Info.plist";
				INFOPLIST_KEY_UIApplicationSupportsIndirectInputEvents = YES;
				INFOPLIST_KEY_UILaunchStoryboardName = LaunchScreen;
				INFOPLIST_KEY_UIMainStoryboardFile = Main;
				INFOPLIST_KEY_UISupportedInterfaceOrientations_iPad = "UIInterfaceOrientationPortrait UIInterfaceOrientationPortraitUpsideDown UIInterfaceOrientationLandscapeLeft UIInterfaceOrientationLandscapeRight";
				INFOPLIST_KEY_UISupportedInterfaceOrientations_iPhone = "UIInterfaceOrientationPortrait UIInterfaceOrientationLandscapeLeft UIInterfaceOrientationLandscapeRight";
				IPHONEOS_DEPLOYMENT_TARGET = 15.5;
				LD_RUNPATH_SEARCH_PATHS = (
					"$(inherited)",
					"@executable_path/Frameworks",
				);
				MARKETING_VERSION = 1.0;
				PRODUCT_BUNDLE_IDENTIFIER = "com.nour.-5-SeeFoodCoreML";
				PRODUCT_NAME = "$(TARGET_NAME)";
				SWIFT_EMIT_LOC_STRINGS = YES;
				SWIFT_VERSION = 5.0;
				TARGETED_DEVICE_FAMILY = "1,2";
			};
			name = Debug;
		};
		C3AA0B3B2C3AF00A0019FAD3 /* Release */ = {
			isa = XCBuildConfiguration;
			buildSettings = {
				ASSETCATALOG_COMPILER_APPICON_NAME = AppIcon;
				ASSETCATALOG_COMPILER_GLOBAL_ACCENT_COLOR_NAME = AccentColor;
				CODE_SIGN_STYLE = Automatic;
				CURRENT_PROJECT_VERSION = 1;
				DEVELOPMENT_TEAM = 88SW66SMBD;
				GENERATE_INFOPLIST_FILE = YES;
				INFOPLIST_FILE = "25-SeeFoodCoreML/Info.plist";
				INFOPLIST_KEY_UIApplicationSupportsIndirectInputEvents = YES;
				INFOPLIST_KEY_UILaunchStoryboardName = LaunchScreen;
				INFOPLIST_KEY_UIMainStoryboardFile = Main;
				INFOPLIST_KEY_UISupportedInterfaceOrientations_iPad = "UIInterfaceOrientationPortrait UIInterfaceOrientationPortraitUpsideDown UIInterfaceOrientationLandscapeLeft UIInterfaceOrientationLandscapeRight";
				INFOPLIST_KEY_UISupportedInterfaceOrientations_iPhone = "UIInterfaceOrientationPortrait UIInterfaceOrientationLandscapeLeft UIInterfaceOrientationLandscapeRight";
				IPHONEOS_DEPLOYMENT_TARGET = 15.5;
				LD_RUNPATH_SEARCH_PATHS = (
					"$(inherited)",
					"@executable_path/Frameworks",
				);
				MARKETING_VERSION = 1.0;
				PRODUCT_BUNDLE_IDENTIFIER = "com.nour.-5-SeeFoodCoreML";
				PRODUCT_NAME = "$(TARGET_NAME)";
				SWIFT_EMIT_LOC_STRINGS = YES;
				SWIFT_VERSION = 5.0;
				TARGETED_DEVICE_FAMILY = "1,2";
			};
			name = Release;
		};
/* End XCBuildConfiguration section */

/* Begin XCConfigurationList section */
		C3AA0B202C3AF0070019FAD3 /* Build configuration list for PBXProject "25-SeeFoodCoreML" */ = {
			isa = XCConfigurationList;
			buildConfigurations = (
				C3AA0B372C3AF00A0019FAD3 /* Debug */,
				C3AA0B382C3AF00A0019FAD3 /* Release */,
			);
			defaultConfigurationIsVisible = 0;
			defaultConfigurationName = Release;
		};
		C3AA0B392C3AF00A0019FAD3 /* Build configuration list for PBXNativeTarget "25-SeeFoodCoreML" */ = {
			isa = XCConfigurationList;
			buildConfigurations = (
				C3AA0B3A2C3AF00A0019FAD3 /* Debug */,
				C3AA0B3B2C3AF00A0019FAD3 /* Release */,
			);
			defaultConfigurationIsVisible = 0;
			defaultConfigurationName = Release;
		};
/* End XCConfigurationList section */
	};
	rootObject = C3AA0B1D2C3AF0070019FAD3 /* Project object */;
}
